
Microsoft Visual Studio Solution File, Format Version 12.00
# Visual Studio Version 17
VisualStudioVersion = 17.0.32014.148
MinimumVisualStudioVersion = 10.0.40219.1
Project("{9A19103F-16F7-4668-BE54-9A1E7A4F7556}") = "PartialScreensharerApp", "PartialScreensharerApp\PartialScreensharerApp.csproj", "{7A05CD4E-7D04-4F60-B57A-515BE8ACEFBB}"
EndProject
Project("{2150E333-8FDC-42A3-9474-1A3956D46DE8}") = "Solution Items", "Solution Items", "{47593349-0F73-4D95-8195-26CB91CD8786}"
	ProjectSection(SolutionItems) = preProject
		.gitignore = .gitignore
	EndProjectSection
EndProject
Global
	GlobalSection(SolutionConfigurationPlatforms) = preSolution
		Debug|Any CPU = Debug|Any CPU
		Release|Any CPU = Release|Any CPU
	EndGlobalSection
	GlobalSection(ProjectConfigurationPlatforms) = postSolution
		{7A05CD4E-7D04-4F60-B57A-515BE8ACEFBB}.Debug|Any CPU.ActiveCfg = Debug|Any CPU
		{7A05CD4E-7D04-4F60-B57A-515BE8ACEFBB}.Debug|Any CPU.Build.0 = Debug|Any CPU
		{7A05CD4E-7D04-4F60-B57A-515BE8ACEFBB}.Release|Any CPU.ActiveCfg = Release|Any CPU
		{7A05CD4E-7D04-4F60-B57A-515BE8ACEFBB}.Release|Any CPU.Build.0 = Release|Any CPU
	EndGlobalSection
	GlobalSection(SolutionProperties) = preSolution
		HideSolutionNode = FALSE
	EndGlobalSection
	GlobalSection(ExtensibilityGlobals) = postSolution
		SolutionGuid = {F17640F0-866D-4F6E-849A-CBC926D378B5}
	EndGlobalSection
EndGlobal
